
Microsoft Visual Studio Solution File, Format Version 12.00
# Visual Studio Version 17
VisualStudioVersion = 17.3.32811.315
MinimumVisualStudioVersion = 10.0.40219.1
Project("{FAE04EC0-301F-11D3-BF4B-00C04F79EFBC}") = "Day9_EmpWage", "Day9_EmpWage.csproj", "{1AF624DB-5B67-4712-B969-698062D8BFAC}"
EndProject
Global
	GlobalSection(SolutionConfigurationPlatforms) = preSolution
		Debug|Any CPU = Debug|Any CPU
		Release|Any CPU = Release|Any CPU
	EndGlobalSection
	GlobalSection(ProjectConfigurationPlatforms) = postSolution
		{1AF624DB-5B67-4712-B969-698062D8BFAC}.Debug|Any CPU.ActiveCfg = Debug|Any CPU
		{1AF624DB-5B67-4712-B969-698062D8BFAC}.Debug|Any CPU.Build.0 = Debug|Any CPU
		{1AF624DB-5B67-4712-B969-698062D8BFAC}.Release|Any CPU.ActiveCfg = Release|Any CPU
		{1AF624DB-5B67-4712-B969-698062D8BFAC}.Release|Any CPU.Build.0 = Release|Any CPU
	EndGlobalSection
	GlobalSection(SolutionProperties) = preSolution
		HideSolutionNode = FALSE
	EndGlobalSection
	GlobalSection(ExtensibilityGlobals) = postSolution
		SolutionGuid = {9ABD8EBB-89F0-4219-9581-87A930C5D65C}
	EndGlobalSection
EndGlobal
